
Microsoft Visual Studio Solution File, Format Version 12.00
# Visual Studio Version 17
VisualStudioVersion = 17.3.32811.315
MinimumVisualStudioVersion = 10.0.40219.1
Project("{FAE04EC0-301F-11D3-BF4B-00C04F79EFBC}") = "Vize-Soru-1", "20360859079_Ahmet_Bahadir_Aksakal_Vize_Gorsel_Prog\Vize-Soru-1.csproj", "{FDAFEE60-F9B8-4896-A119-7D3481431B30}"
EndProject
Global
	GlobalSection(SolutionConfigurationPlatforms) = preSolution
		Debug|Any CPU = Debug|Any CPU
		Release|Any CPU = Release|Any CPU
	EndGlobalSection
	GlobalSection(ProjectConfigurationPlatforms) = postSolution
		{FDAFEE60-F9B8-4896-A119-7D3481431B30}.Debug|Any CPU.ActiveCfg = Debug|Any CPU
		{FDAFEE60-F9B8-4896-A119-7D3481431B30}.Debug|Any CPU.Build.0 = Debug|Any CPU
		{FDAFEE60-F9B8-4896-A119-7D3481431B30}.Release|Any CPU.ActiveCfg = Release|Any CPU
		{FDAFEE60-F9B8-4896-A119-7D3481431B30}.Release|Any CPU.Build.0 = Release|Any CPU
	EndGlobalSection
	GlobalSection(SolutionProperties) = preSolution
		HideSolutionNode = FALSE
	EndGlobalSection
	GlobalSection(ExtensibilityGlobals) = postSolution
		SolutionGuid = {70E4FBA7-A66F-4F34-9DF8-7E4FD82B8308}
	EndGlobalSection
EndGlobal
